
Microsoft Visual Studio Solution File, Format Version 12.00
# Visual Studio Version 17
VisualStudioVersion = 17.9.34622.214
MinimumVisualStudioVersion = 10.0.40219.1
Project("{FAE04EC0-301F-11D3-BF4B-00C04F79EFBC}") = "c-sharp-two-dimensional-array", "c-sharp-two-dimensional-array\c-sharp-two-dimensional-array.csproj", "{DBEB7480-EFB0-4E2B-AA02-BA8E4598DBEE}"
EndProject
Global
	GlobalSection(SolutionConfigurationPlatforms) = preSolution
		Debug|Any CPU = Debug|Any CPU
		Release|Any CPU = Release|Any CPU
	EndGlobalSection
	GlobalSection(ProjectConfigurationPlatforms) = postSolution
		{DBEB7480-EFB0-4E2B-AA02-BA8E4598DBEE}.Debug|Any CPU.ActiveCfg = Debug|Any CPU
		{DBEB7480-EFB0-4E2B-AA02-BA8E4598DBEE}.Debug|Any CPU.Build.0 = Debug|Any CPU
		{DBEB7480-EFB0-4E2B-AA02-BA8E4598DBEE}.Release|Any CPU.ActiveCfg = Release|Any CPU
		{DBEB7480-EFB0-4E2B-AA02-BA8E4598DBEE}.Release|Any CPU.Build.0 = Release|Any CPU
	EndGlobalSection
	GlobalSection(SolutionProperties) = preSolution
		HideSolutionNode = FALSE
	EndGlobalSection
	GlobalSection(ExtensibilityGlobals) = postSolution
		SolutionGuid = {13F24689-C9E5-403D-9BF0-58377F8A9F36}
	EndGlobalSection
EndGlobal
